
Microsoft Visual Studio Solution File, Format Version 12.00
# Visual Studio Version 17
VisualStudioVersion = 17.5.002.0
MinimumVisualStudioVersion = 10.0.40219.1
Project("{9A19103F-16F7-4668-BE54-9A1E7A4F7556}") = "Task_59", "Task_59.csproj", "{2C3F85E2-8DC6-4CA3-934D-3F2AABD2E577}"
EndProject
Global
	GlobalSection(SolutionConfigurationPlatforms) = preSolution
		Debug|Any CPU = Debug|Any CPU
		Release|Any CPU = Release|Any CPU
	EndGlobalSection
	GlobalSection(ProjectConfigurationPlatforms) = postSolution
		{2C3F85E2-8DC6-4CA3-934D-3F2AABD2E577}.Debug|Any CPU.ActiveCfg = Debug|Any CPU
		{2C3F85E2-8DC6-4CA3-934D-3F2AABD2E577}.Debug|Any CPU.Build.0 = Debug|Any CPU
		{2C3F85E2-8DC6-4CA3-934D-3F2AABD2E577}.Release|Any CPU.ActiveCfg = Release|Any CPU
		{2C3F85E2-8DC6-4CA3-934D-3F2AABD2E577}.Release|Any CPU.Build.0 = Release|Any CPU
	EndGlobalSection
	GlobalSection(SolutionProperties) = preSolution
		HideSolutionNode = FALSE
	EndGlobalSection
	GlobalSection(ExtensibilityGlobals) = postSolution
		SolutionGuid = {6ACA63C5-BB10-46E3-B1D2-E18AB952BB0D}
	EndGlobalSection
EndGlobal
